
Microsoft Visual Studio Solution File, Format Version 12.00
# Visual Studio Version 17
VisualStudioVersion = 17.13.35919.96 d17.13
MinimumVisualStudioVersion = 10.0.40219.1
Project("{2150E333-8FDC-42A3-9474-1A3956D46DE8}") = "1.Presentacion", "1.Presentacion", "{02EA681E-C7D8-13C7-8484-4AC65E1B71E8}"
EndProject
Project("{2150E333-8FDC-42A3-9474-1A3956D46DE8}") = "2.Servicios", "2.Servicios", "{372E94DE-59ED-4FD0-B94C-56C21D8A3EA8}"
EndProject
Project("{2150E333-8FDC-42A3-9474-1A3956D46DE8}") = "3.Nucleo", "3.Nucleo", "{BC181838-3B4F-48D1-BD08-7CA3A0A03236}"
EndProject
Project("{2150E333-8FDC-42A3-9474-1A3956D46DE8}") = "4.Pruebas unitarias", "4.Pruebas unitarias", "{FE063765-E055-44B2-BEEE-03F63226476C}"
EndProject
Global
	GlobalSection(SolutionProperties) = preSolution
		HideSolutionNode = FALSE
	EndGlobalSection
	GlobalSection(ExtensibilityGlobals) = postSolution
		SolutionGuid = {9B69CCCD-E36C-4639-896A-B11BE786842F}
	EndGlobalSection
EndGlobal
